<?xml version="1.0" encoding="utf-8"?>
<Project ToolsVersion="4.0" xmlns="http://schemas.microsoft.com/developer/msbuild/2003">
  <ItemGroup>
    <Filter Include="Source Files">
      <UniqueIdentifier>{4FC737F1-C7A5-4376-A066-2A32D752A2FF}</UniqueIdentifier>
      <Extensions>cpp;c;cc;cxx;def;odl;idl;hpj;bat;asm;asmx</Extensions>
    </Filter>
    <Filter Include="Header Files">
      <UniqueIdentifier>{93995380-89BD-4b04-88EB-625FBE52EBFB}</UniqueIdentifier>
      <Extensions>h;hh;hpp;hxx;hm;inl;inc;xsd</Extensions>
    </Filter>
    <Filter Include="Resource Files">
      <UniqueIdentifier>{67DA6AB6-F800-4c08-8B7A-83BB121AAD01}</UniqueIdentifier>
      <Extensions>rc;ico;cur;bmp;dlg;rc2;rct;bin;rgs;gif;jpg;jpeg;jpe;resx;tiff;tif;png;wav;mfcribbon-ms</Extensions>
    </Filter>
    <Filter Include="Header Files\Math">
      <UniqueIdentifier>{d84b52c7-e918-4742-ab30-74721cf2a575}</UniqueIdentifier>
    </Filter>
    <Filter Include="Header Files\Include">
      <UniqueIdentifier>{6c17dfc6-b5f4-4483-9c40-3e1e769bdb10}</UniqueIdentifier>
    </Filter>
    <Filter Include="Source Files\Source">
      <UniqueIdentifier>{17c9c152-bbeb-42c1-b5ee-8b7386583544}</UniqueIdentifier>
    </Filter>
  </ItemGroup>
  <ItemGroup>
    <ClCompile Include="Main.cpp">
      <Filter>Source Files</Filter>
    </ClCompile>
    <ClCompile Include="Source\GameManager.cpp">
      <Filter>Source Files\Source</Filter>
    </ClCompile>
    <ClCompile Include="Source\Level.cpp">
      <Filter>Source Files\Source</Filter>
    </ClCompile>
    <ClCompile Include="Source\Player.cpp">
      <Filter>Source Files\Source</Filter>
    </ClCompile>
    <ClCompile Include="Source\PlayerController.cpp">
      <Filter>Source Files\Source</Filter>
    </ClCompile>
    <ClCompile Include="Source\TextureManager.cpp">
      <Filter>Source Files\Source</Filter>
    </ClCompile>
    <ClCompile Include="Source\PercyJackson.cpp">
      <Filter>Source Files\Source</Filter>
    </ClCompile>
    <ClCompile Include="Source\PercyJacksonController.cpp">
      <Filter>Source Files\Source</Filter>
    </ClCompile>
    <ClCompile Include="Source\MenuManager.cpp">
      <Filter>Source Files\Source</Filter>
    </ClCompile>
    <ClCompile Include="Source\MenuManagerController.cpp">
      <Filter>Source Files\Source</Filter>
    </ClCompile>
    <ClCompile Include="Source\Enemy.cpp">
      <Filter>Source Files\Source</Filter>
    </ClCompile>
    <ClCompile Include="Source\EnemyController.cpp">
      <Filter>Source Files\Source</Filter>
    </ClCompile>
    <ClCompile Include="Source\ProjectTile.cpp">
      <Filter>Source Files\Source</Filter>
    </ClCompile>
    <ClCompile Include="Source\ProjectTileController.cpp">
      <Filter>Source Files\Source</Filter>
    </ClCompile>
    <ClCompile Include="Source\Tile.cpp">
      <Filter>Source Files\Source</Filter>
    </ClCompile>
    <ClCompile Include="Source\TileController.cpp">
      <Filter>Source Files\Source</Filter>
    </ClCompile>
  </ItemGroup>
  <ItemGroup>
    <ClInclude Include="Include\CharacterMechanic.hpp">
      <Filter>Header Files\Include</Filter>
    </ClInclude>
    <ClInclude Include="Include\GameManager.hpp">
      <Filter>Header Files\Include</Filter>
    </ClInclude>
    <ClInclude Include="Include\Includers.hpp">
      <Filter>Header Files\Include</Filter>
    </ClInclude>
    <ClInclude Include="Include\Level.hpp">
      <Filter>Header Files\Include</Filter>
    </ClInclude>
    <ClInclude Include="Include\PercyJackson.hpp">
      <Filter>Header Files\Include</Filter>
    </ClInclude>
    <ClInclude Include="Include\PercyJacksonController.hpp">
      <Filter>Header Files\Include</Filter>
    </ClInclude>
    <ClInclude Include="Include\Player.hpp">
      <Filter>Header Files\Include</Filter>
    </ClInclude>
    <ClInclude Include="Include\PlayerController.hpp">
      <Filter>Header Files\Include</Filter>
    </ClInclude>
    <ClInclude Include="Include\TextureManager.hpp">
      <Filter>Header Files\Include</Filter>
    </ClInclude>
    <ClInclude Include="Include\Math\Definitions.hpp">
      <Filter>Header Files\Math</Filter>
    </ClInclude>
    <ClInclude Include="Include\Math\Vector2.hpp">
      <Filter>Header Files\Math</Filter>
    </ClInclude>
    <ClInclude Include="Include\Math\Vector3.hpp">
      <Filter>Header Files\Math</Filter>
    </ClInclude>
    <ClInclude Include="Include\MenuManager.hpp">
      <Filter>Header Files\Include</Filter>
    </ClInclude>
    <ClInclude Include="Include\MenuManagerController.hpp">
      <Filter>Header Files\Include</Filter>
    </ClInclude>
    <ClInclude Include="Include\Enemy.hpp">
      <Filter>Header Files\Include</Filter>
    </ClInclude>
    <ClInclude Include="Include\EnemyController.hpp">
      <Filter>Header Files\Include</Filter>
    </ClInclude>
    <ClInclude Include="Include\ProjectTile.hpp">
      <Filter>Header Files\Include</Filter>
    </ClInclude>
    <ClInclude Include="Include\ProjectTileController.hpp">
      <Filter>Header Files\Include</Filter>
    </ClInclude>
    <ClInclude Include="Include\Tile.hpp">
      <Filter>Header Files\Include</Filter>
    </ClInclude>
    <ClInclude Include="Include\TileController.hpp">
      <Filter>Header Files\Include</Filter>
    </ClInclude>
  </ItemGroup>
</Project>